{
    "_meta": {
        "hash": {
            "sha256": "e4c2cf534f0467629448476e7aab2b03353a1895675ea0d945b1546435df40b8"
        },
        "pipfile-spec": 6,
        "requires": {
            "python_version": "3.0"
        },
        "sources": [
            {
                "name": "pypi",
                "url": "https://pypi.org/simple",
                "verify_ssl": true
            }
        ]
    },
    "default": {
        "pysolar": {
            "hashes": [
                "sha256:101e0bc40ed14c1b46b5490dd6253f7e85b584d5c21066a341704cdf1004b250",
                "sha256:6015e5e5691f3fc3eafc67881b1e767fc204a4d23546f80558eccd5b23ad6ec2"
            ],
            "index": "pypi",
            "version": "==0.9"
        }
    },
    "develop": {
        "freezegun": {
            "hashes": [
                "sha256:177f9dd59861d871e27a484c3332f35a6e3f5d14626f2bf91be37891f18927f3",
                "sha256:2ae695f7eb96c62529f03a038461afe3c692db3465e215355e1bb4b0ab408712"
            ],
            "index": "pypi",
            "version": "==1.1.0"
        },
        "pyfakefs": {
            "hashes": [
                "sha256:082d863e0e2a74351f697da404e329a91e18e5055942e59d1b836e8459b2c94c",
                "sha256:1ac3b2845dabe69af56c20691b9347914581195ccdde352535fb7d4ff0055c19"
            ],
            "index": "pypi",
            "version": "==4.4.0"
        },
        "python-dateutil": {
            "hashes": [
                "sha256:73ebfe9dbf22e832286dafa60473e4cd239f8592f699aa5adaf10050e6e1823c",
                "sha256:75bb3f31ea686f1197762692a9ee6a7550b59fc6ca3a1f4b5d7e32fb98e2da2a"
            ],
            "markers": "python_version >= '2.7' and python_version not in '3.0, 3.1, 3.2, 3.3'",
            "version": "==2.8.1"
        },
        "six": {
            "hashes": [
                "sha256:30639c035cdb23534cd4aa2dd52c3bf48f06e5f4a941509c8bafd8ce11080259",
                "sha256:8b74bedcbbbaca38ff6d7491d76f2b06b3592611af620f8426e82dddb04a5ced"
            ],
            "markers": "python_version >= '2.7' and python_version not in '3.0, 3.1, 3.2, 3.3'",
            "version": "==1.15.0"
        }
    }
}
